// !$*UTF8*$!
{
	archiveVersion = 1;
	classes = {
	};
	objectVersion = 56;
	objects = {

/* Begin PBXBuildFile section */
		091CF48629B36745004CACBD /* TODOApp.swift in Sources */ = {isa = PBXBuildFile; fileRef = 091CF48529B36745004CACBD /* TODOApp.swift */; };
		091CF48829B36745004CACBD /* ToDoListView.swift in Sources */ = {isa = PBXBuildFile; fileRef = 091CF48729B36745004CACBD /* ToDoListView.swift */; };
		091CF48A29B36747004CACBD /* Assets.xcassets in Resources */ = {isa = PBXBuildFile; fileRef = 091CF48929B36747004CACBD /* Assets.xcassets */; };
		091CF48D29B36747004CACBD /* Preview Assets.xcassets in Resources */ = {isa = PBXBuildFile; fileRef = 091CF48C29B36747004CACBD /* Preview Assets.xcassets */; };
		091CF49729B36747004CACBD /* TODOTests.swift in Sources */ = {isa = PBXBuildFile; fileRef = 091CF49629B36747004CACBD /* TODOTests.swift */; };
		091CF4A129B36747004CACBD /* TODOUITests.swift in Sources */ = {isa = PBXBuildFile; fileRef = 091CF4A029B36747004CACBD /* TODOUITests.swift */; };
		091CF4A329B36747004CACBD /* TODOUITestsLaunchTests.swift in Sources */ = {isa = PBXBuildFile; fileRef = 091CF4A229B36747004CACBD /* TODOUITestsLaunchTests.swift */; };
		091CF4B029B36772004CACBD /* ToDo.swift in Sources */ = {isa = PBXBuildFile; fileRef = 091CF4AF29B36772004CACBD /* ToDo.swift */; };
		091CF4B229B3684A004CACBD /* DataStore.swift in Sources */ = {isa = PBXBuildFile; fileRef = 091CF4B129B3684A004CACBD /* DataStore.swift */; };
		091CF4B429B36BE8004CACBD /* ToDoFormViewModel.swift in Sources */ = {isa = PBXBuildFile; fileRef = 091CF4B329B36BE8004CACBD /* ToDoFormViewModel.swift */; };
		091CF4B829B36D02004CACBD /* ToDoFormView.swift in Sources */ = {isa = PBXBuildFile; fileRef = 091CF4B729B36D02004CACBD /* ToDoFormView.swift */; };
		091CF4BA29B45BB2004CACBD /* ModelType.swift in Sources */ = {isa = PBXBuildFile; fileRef = 091CF4B929B45BB2004CACBD /* ModelType.swift */; };
		091CF4BD29B46658004CACBD /* FileManager+Extension.swift in Sources */ = {isa = PBXBuildFile; fileRef = 091CF4BC29B46658004CACBD /* FileManager+Extension.swift */; };
/* End PBXBuildFile section */

/* Begin PBXContainerItemProxy section */
		091CF49329B36747004CACBD /* PBXContainerItemProxy */ = {
			isa = PBXContainerItemProxy;
			containerPortal = 091CF47A29B36745004CACBD /* Project object */;
			proxyType = 1;
			remoteGlobalIDString = 091CF48129B36745004CACBD;
			remoteInfo = TODO;
		};
		091CF49D29B36747004CACBD /* PBXContainerItemProxy */ = {
			isa = PBXContainerItemProxy;
			containerPortal = 091CF47A29B36745004CACBD /* Project object */;
			proxyType = 1;
			remoteGlobalIDString = 091CF48129B36745004CACBD;
			remoteInfo = TODO;
		};
/* End PBXContainerItemProxy section */

/* Begin PBXFileReference section */
		091CF48229B36745004CACBD /* TODO.app */ = {isa = PBXFileReference; explicitFileType = wrapper.application; includeInIndex = 0; path = TODO.app; sourceTree = BUILT_PRODUCTS_DIR; };
		091CF48529B36745004CACBD /* TODOApp.swift */ = {isa = PBXFileReference; lastKnownFileType = sourcecode.swift; path = TODOApp.swift; sourceTree = "<group>"; };
		091CF48729B36745004CACBD /* ToDoListView.swift */ = {isa = PBXFileReference; lastKnownFileType = sourcecode.swift; path = ToDoListView.swift; sourceTree = "<group>"; };
		091CF48929B36747004CACBD /* Assets.xcassets */ = {isa = PBXFileReference; lastKnownFileType = folder.assetcatalog; path = Assets.xcassets; sourceTree = "<group>"; };
		091CF48C29B36747004CACBD /* Preview Assets.xcassets */ = {isa = PBXFileReference; lastKnownFileType = folder.assetcatalog; path = "Preview Assets.xcassets"; sourceTree = "<group>"; };
		091CF49229B36747004CACBD /* TODOTests.xctest */ = {isa = PBXFileReference; explicitFileType = wrapper.cfbundle; includeInIndex = 0; path = TODOTests.xctest; sourceTree = BUILT_PRODUCTS_DIR; };
		091CF49629B36747004CACBD /* TODOTests.swift */ = {isa = PBXFileReference; lastKnownFileType = sourcecode.swift; path = TODOTests.swift; sourceTree = "<group>"; };
		091CF49C29B36747004CACBD /* TODOUITests.xctest */ = {isa = PBXFileReference; explicitFileType = wrapper.cfbundle; includeInIndex = 0; path = TODOUITests.xctest; sourceTree = BUILT_PRODUCTS_DIR; };
		091CF4A029B36747004CACBD /* TODOUITests.swift */ = {isa = PBXFileReference; lastKnownFileType = sourcecode.swift; path = TODOUITests.swift; sourceTree = "<group>"; };
		091CF4A229B36747004CACBD /* TODOUITestsLaunchTests.swift */ = {isa = PBXFileReference; lastKnownFileType = sourcecode.swift; path = TODOUITestsLaunchTests.swift; sourceTree = "<group>"; };
		091CF4AF29B36772004CACBD /* ToDo.swift */ = {isa = PBXFileReference; lastKnownFileType = sourcecode.swift; path = ToDo.swift; sourceTree = "<group>"; };
		091CF4B129B3684A004CACBD /* DataStore.swift */ = {isa = PBXFileReference; lastKnownFileType = sourcecode.swift; path = DataStore.swift; sourceTree = "<group>"; };
		091CF4B329B36BE8004CACBD /* ToDoFormViewModel.swift */ = {isa = PBXFileReference; lastKnownFileType = sourcecode.swift; path = ToDoFormViewModel.swift; sourceTree = "<group>"; };
		091CF4B729B36D02004CACBD /* ToDoFormView.swift */ = {isa = PBXFileReference; lastKnownFileType = sourcecode.swift; path = ToDoFormView.swift; sourceTree = "<group>"; };
		091CF4B929B45BB2004CACBD /* ModelType.swift */ = {isa = PBXFileReference; lastKnownFileType = sourcecode.swift; path = ModelType.swift; sourceTree = "<group>"; };
		091CF4BC29B46658004CACBD /* FileManager+Extension.swift */ = {isa = PBXFileReference; lastKnownFileType = sourcecode.swift; path = "FileManager+Extension.swift"; sourceTree = "<group>"; };
/* End PBXFileReference section */

/* Begin PBXFrameworksBuildPhase section */
		091CF47F29B36745004CACBD /* Frameworks */ = {
			isa = PBXFrameworksBuildPhase;
			buildActionMask = 2147483647;
			files = (
			);
			runOnlyForDeploymentPostprocessing = 0;
		};
		091CF48F29B36747004CACBD /* Frameworks */ = {
			isa = PBXFrameworksBuildPhase;
			buildActionMask = 2147483647;
			files = (
			);
			runOnlyForDeploymentPostprocessing = 0;
		};
		091CF49929B36747004CACBD /* Frameworks */ = {
			isa = PBXFrameworksBuildPhase;
			buildActionMask = 2147483647;
			files = (
			);
			runOnlyForDeploymentPostprocessing = 0;
		};
/* End PBXFrameworksBuildPhase section */

/* Begin PBXGroup section */
		091CF47929B36745004CACBD = {
			isa = PBXGroup;
			children = (
				091CF48429B36745004CACBD /* TODO */,
				091CF49529B36747004CACBD /* TODOTests */,
				091CF49F29B36747004CACBD /* TODOUITests */,
				091CF48329B36745004CACBD /* Products */,
			);
			sourceTree = "<group>";
		};
		091CF48329B36745004CACBD /* Products */ = {
			isa = PBXGroup;
			children = (
				091CF48229B36745004CACBD /* TODO.app */,
				091CF49229B36747004CACBD /* TODOTests.xctest */,
				091CF49C29B36747004CACBD /* TODOUITests.xctest */,
			);
			name = Products;
			sourceTree = "<group>";
		};
		091CF48429B36745004CACBD /* TODO */ = {
			isa = PBXGroup;
			children = (
				091CF48529B36745004CACBD /* TODOApp.swift */,
				091CF4BB29B46304004CACBD /* ToDoList */,
				091CF4B929B45BB2004CACBD /* ModelType.swift */,
				091CF4BC29B46658004CACBD /* FileManager+Extension.swift */,
				091CF48929B36747004CACBD /* Assets.xcassets */,
				091CF48B29B36747004CACBD /* Preview Content */,
			);
			path = TODO;
			sourceTree = "<group>";
		};
		091CF48B29B36747004CACBD /* Preview Content */ = {
			isa = PBXGroup;
			children = (
				091CF48C29B36747004CACBD /* Preview Assets.xcassets */,
			);
			path = "Preview Content";
			sourceTree = "<group>";
		};
		091CF49529B36747004CACBD /* TODOTests */ = {
			isa = PBXGroup;
			children = (
				091CF49629B36747004CACBD /* TODOTests.swift */,
			);
			path = TODOTests;
			sourceTree = "<group>";
		};
		091CF49F29B36747004CACBD /* TODOUITests */ = {
			isa = PBXGroup;
			children = (
				091CF4A029B36747004CACBD /* TODOUITests.swift */,
				091CF4A229B36747004CACBD /* TODOUITestsLaunchTests.swift */,
			);
			path = TODOUITests;
			sourceTree = "<group>";
		};
		091CF4BB29B46304004CACBD /* ToDoList */ = {
			isa = PBXGroup;
			children = (
				091CF48729B36745004CACBD /* ToDoListView.swift */,
				091CF4AF29B36772004CACBD /* ToDo.swift */,
				091CF4B329B36BE8004CACBD /* ToDoFormViewModel.swift */,
				091CF4B129B3684A004CACBD /* DataStore.swift */,
				091CF4B729B36D02004CACBD /* ToDoFormView.swift */,
			);
			path = ToDoList;
			sourceTree = "<group>";
		};
/* End PBXGroup section */

/* Begin PBXNativeTarget section */
		091CF48129B36745004CACBD /* TODO */ = {
			isa = PBXNativeTarget;
			buildConfigurationList = 091CF4A629B36747004CACBD /* Build configuration list for PBXNativeTarget "TODO" */;
			buildPhases = (
				091CF47E29B36745004CACBD /* Sources */,
				091CF47F29B36745004CACBD /* Frameworks */,
				091CF48029B36745004CACBD /* Resources */,
			);
			buildRules = (
			);
			dependencies = (
			);
			name = TODO;
			productName = TODO;
			productReference = 091CF48229B36745004CACBD /* TODO.app */;
			productType = "com.apple.product-type.application";
		};
		091CF49129B36747004CACBD /* TODOTests */ = {
			isa = PBXNativeTarget;
			buildConfigurationList = 091CF4A929B36747004CACBD /* Build configuration list for PBXNativeTarget "TODOTests" */;
			buildPhases = (
				091CF48E29B36747004CACBD /* Sources */,
				091CF48F29B36747004CACBD /* Frameworks */,
				091CF49029B36747004CACBD /* Resources */,
			);
			buildRules = (
			);
			dependencies = (
				091CF49429B36747004CACBD /* PBXTargetDependency */,
			);
			name = TODOTests;
			productName = TODOTests;
			productReference = 091CF49229B36747004CACBD /* TODOTests.xctest */;
			productType = "com.apple.product-type.bundle.unit-test";
		};
		091CF49B29B36747004CACBD /* TODOUITests */ = {
			isa = PBXNativeTarget;
			buildConfigurationList = 091CF4AC29B36747004CACBD /* Build configuration list for PBXNativeTarget "TODOUITests" */;
			buildPhases = (
				091CF49829B36747004CACBD /* Sources */,
				091CF49929B36747004CACBD /* Frameworks */,
				091CF49A29B36747004CACBD /* Resources */,
			);
			buildRules = (
			);
			dependencies = (
				091CF49E29B36747004CACBD /* PBXTargetDependency */,
			);
			name = TODOUITests;
			productName = TODOUITests;
			productReference = 091CF49C29B36747004CACBD /* TODOUITests.xctest */;
			productType = "com.apple.product-type.bundle.ui-testing";
		};
/* End PBXNativeTarget section */

/* Begin PBXProject section */
		091CF47A29B36745004CACBD /* Project object */ = {
			isa = PBXProject;
			attributes = {
				BuildIndependentTargetsInParallel = 1;
				LastSwiftUpdateCheck = 1420;
				LastUpgradeCheck = 1420;
				TargetAttributes = {
					091CF48129B36745004CACBD = {
						CreatedOnToolsVersion = 14.2;
					};
					091CF49129B36747004CACBD = {
						CreatedOnToolsVersion = 14.2;
						TestTargetID = 091CF48129B36745004CACBD;
					};
					091CF49B29B36747004CACBD = {
						CreatedOnToolsVersion = 14.2;
						TestTargetID = 091CF48129B36745004CACBD;
					};
				};
			};
			buildConfigurationList = 091CF47D29B36745004CACBD /* Build configuration list for PBXProject "TODO" */;
			compatibilityVersion = "Xcode 14.0";
			developmentRegion = en;
			hasScannedForEncodings = 0;
			knownRegions = (
				en,
				Base,
			);
			mainGroup = 091CF47929B36745004CACBD;
			productRefGroup = 091CF48329B36745004CACBD /* Products */;
			projectDirPath = "";
			projectRoot = "";
			targets = (
				091CF48129B36745004CACBD /* TODO */,
				091CF49129B36747004CACBD /* TODOTests */,
				091CF49B29B36747004CACBD /* TODOUITests */,
			);
		};
/* End PBXProject section */

/* Begin PBXResourcesBuildPhase section */
		091CF48029B36745004CACBD /* Resources */ = {
			isa = PBXResourcesBuildPhase;
			buildActionMask = 2147483647;
			files = (
				091CF48D29B36747004CACBD /* Preview Assets.xcassets in Resources */,
				091CF48A29B36747004CACBD /* Assets.xcassets in Resources */,
			);
			runOnlyForDeploymentPostprocessing = 0;
		};
		091CF49029B36747004CACBD /* Resources */ = {
			isa = PBXResourcesBuildPhase;
			buildActionMask = 2147483647;
			files = (
			);
			runOnlyForDeploymentPostprocessing = 0;
		};
		091CF49A29B36747004CACBD /* Resources */ = {
			isa = PBXResourcesBuildPhase;
			buildActionMask = 2147483647;
			files = (
			);
			runOnlyForDeploymentPostprocessing = 0;
		};
/* End PBXResourcesBuildPhase section */

/* Begin PBXSourcesBuildPhase section */
		091CF47E29B36745004CACBD /* Sources */ = {
			isa = PBXSourcesBuildPhase;
			buildActionMask = 2147483647;
			files = (
				091CF4B829B36D02004CACBD /* ToDoFormView.swift in Sources */,
				091CF4B029B36772004CACBD /* ToDo.swift in Sources */,
				091CF4B229B3684A004CACBD /* DataStore.swift in Sources */,
				091CF48829B36745004CACBD /* ToDoListView.swift in Sources */,
				091CF4BA29B45BB2004CACBD /* ModelType.swift in Sources */,
				091CF48629B36745004CACBD /* TODOApp.swift in Sources */,
				091CF4B429B36BE8004CACBD /* ToDoFormViewModel.swift in Sources */,
				091CF4BD29B46658004CACBD /* FileManager+Extension.swift in Sources */,
			);
			runOnlyForDeploymentPostprocessing = 0;
		};
		091CF48E29B36747004CACBD /* Sources */ = {
			isa = PBXSourcesBuildPhase;
			buildActionMask = 2147483647;
			files = (
				091CF49729B36747004CACBD /* TODOTests.swift in Sources */,
			);
			runOnlyForDeploymentPostprocessing = 0;
		};
		091CF49829B36747004CACBD /* Sources */ = {
			isa = PBXSourcesBuildPhase;
			buildActionMask = 2147483647;
			files = (
				091CF4A329B36747004CACBD /* TODOUITestsLaunchTests.swift in Sources */,
				091CF4A129B36747004CACBD /* TODOUITests.swift in Sources */,
			);
			runOnlyForDeploymentPostprocessing = 0;
		};
/* End PBXSourcesBuildPhase section */

/* Begin PBXTargetDependency section */
		091CF49429B36747004CACBD /* PBXTargetDependency */ = {
			isa = PBXTargetDependency;
			target = 091CF48129B36745004CACBD /* TODO */;
			targetProxy = 091CF49329B36747004CACBD /* PBXContainerItemProxy */;
		};
		091CF49E29B36747004CACBD /* PBXTargetDependency */ = {
			isa = PBXTargetDependency;
			target = 091CF48129B36745004CACBD /* TODO */;
			targetProxy = 091CF49D29B36747004CACBD /* PBXContainerItemProxy */;
		};
/* End PBXTargetDependency section */

/* Begin XCBuildConfiguration section */
		091CF4A429B36747004CACBD /* Debug */ = {
			isa = XCBuildConfiguration;
			buildSettings = {
				ALWAYS_SEARCH_USER_PATHS = NO;
				CLANG_ANALYZER_NONNULL = YES;
				CLANG_ANALYZER_NUMBER_OBJECT_CONVERSION = YES_AGGRESSIVE;
				CLANG_CXX_LANGUAGE_STANDARD = "gnu++20";
				CLANG_ENABLE_MODULES = YES;
				CLANG_ENABLE_OBJC_ARC = YES;
				CLANG_ENABLE_OBJC_WEAK = YES;
				CLANG_WARN_BLOCK_CAPTURE_AUTORELEASING = YES;
				CLANG_WARN_BOOL_CONVERSION = YES;
				CLANG_WARN_COMMA = YES;
				CLANG_WARN_CONSTANT_CONVERSION = YES;
				CLANG_WARN_DEPRECATED_OBJC_IMPLEMENTATIONS = YES;
				CLANG_WARN_DIRECT_OBJC_ISA_USAGE = YES_ERROR;
				CLANG_WARN_DOCUMENTATION_COMMENTS = YES;
				CLANG_WARN_EMPTY_BODY = YES;
				CLANG_WARN_ENUM_CONVERSION = YES;
				CLANG_WARN_INFINITE_RECURSION = YES;
				CLANG_WARN_INT_CONVERSION = YES;
				CLANG_WARN_NON_LITERAL_NULL_CONVERSION = YES;
				CLANG_WARN_OBJC_IMPLICIT_RETAIN_SELF = YES;
				CLANG_WARN_OBJC_LITERAL_CONVERSION = YES;
				CLANG_WARN_OBJC_ROOT_CLASS = YES_ERROR;
				CLANG_WARN_QUOTED_INCLUDE_IN_FRAMEWORK_HEADER = YES;
				CLANG_WARN_RANGE_LOOP_ANALYSIS = YES;
				CLANG_WARN_STRICT_PROTOTYPES = YES;
				CLANG_WARN_SUSPICIOUS_MOVE = YES;
				CLANG_WARN_UNGUARDED_AVAILABILITY = YES_AGGRESSIVE;
				CLANG_WARN_UNREACHABLE_CODE = YES;
				CLANG_WARN__DUPLICATE_METHOD_MATCH = YES;
				COPY_PHASE_STRIP = NO;
				DEBUG_INFORMATION_FORMAT = dwarf;
				ENABLE_STRICT_OBJC_MSGSEND = YES;
				ENABLE_TESTABILITY = YES;
				GCC_C_LANGUAGE_STANDARD = gnu11;
				GCC_DYNAMIC_NO_PIC = NO;
				GCC_NO_COMMON_BLOCKS = YES;
				GCC_OPTIMIZATION_LEVEL = 0;
				GCC_PREPROCESSOR_DEFINITIONS = (
					"DEBUG=1",
					"$(inherited)",
				);
				GCC_WARN_64_TO_32_BIT_CONVERSION = YES;
				GCC_WARN_ABOUT_RETURN_TYPE = YES_ERROR;
				GCC_WARN_UNDECLARED_SELECTOR = YES;
				GCC_WARN_UNINITIALIZED_AUTOS = YES_AGGRESSIVE;
				GCC_WARN_UNUSED_FUNCTION = YES;
				GCC_WARN_UNUSED_VARIABLE = YES;
				IPHONEOS_DEPLOYMENT_TARGET = 16.2;
				MTL_ENABLE_DEBUG_INFO = INCLUDE_SOURCE;
				MTL_FAST_MATH = YES;
				ONLY_ACTIVE_ARCH = YES;
				SDKROOT = iphoneos;
				SWIFT_ACTIVE_COMPILATION_CONDITIONS = DEBUG;
				SWIFT_OPTIMIZATION_LEVEL = "-Onone";
			};
			name = Debug;
		};
		091CF4A529B36747004CACBD /* Release */ = {
			isa = XCBuildConfiguration;
			buildSettings = {
				ALWAYS_SEARCH_USER_PATHS = NO;
				CLANG_ANALYZER_NONNULL = YES;
				CLANG_ANALYZER_NUMBER_OBJECT_CONVERSION = YES_AGGRESSIVE;
				CLANG_CXX_LANGUAGE_STANDARD = "gnu++20";
				CLANG_ENABLE_MODULES = YES;
				CLANG_ENABLE_OBJC_ARC = YES;
				CLANG_ENABLE_OBJC_WEAK = YES;
				CLANG_WARN_BLOCK_CAPTURE_AUTORELEASING = YES;
				CLANG_WARN_BOOL_CONVERSION = YES;
				CLANG_WARN_COMMA = YES;
				CLANG_WARN_CONSTANT_CONVERSION = YES;
				CLANG_WARN_DEPRECATED_OBJC_IMPLEMENTATIONS = YES;
				CLANG_WARN_DIRECT_OBJC_ISA_USAGE = YES_ERROR;
				CLANG_WARN_DOCUMENTATION_COMMENTS = YES;
				CLANG_WARN_EMPTY_BODY = YES;
				CLANG_WARN_ENUM_CONVERSION = YES;
				CLANG_WARN_INFINITE_RECURSION = YES;
				CLANG_WARN_INT_CONVERSION = YES;
				CLANG_WARN_NON_LITERAL_NULL_CONVERSION = YES;
				CLANG_WARN_OBJC_IMPLICIT_RETAIN_SELF = YES;
				CLANG_WARN_OBJC_LITERAL_CONVERSION = YES;
				CLANG_WARN_OBJC_ROOT_CLASS = YES_ERROR;
				CLANG_WARN_QUOTED_INCLUDE_IN_FRAMEWORK_HEADER = YES;
				CLANG_WARN_RANGE_LOOP_ANALYSIS = YES;
				CLANG_WARN_STRICT_PROTOTYPES = YES;
				CLANG_WARN_SUSPICIOUS_MOVE = YES;
				CLANG_WARN_UNGUARDED_AVAILABILITY = YES_AGGRESSIVE;
				CLANG_WARN_UNREACHABLE_CODE = YES;
				CLANG_WARN__DUPLICATE_METHOD_MATCH = YES;
				COPY_PHASE_STRIP = NO;
				DEBUG_INFORMATION_FORMAT = "dwarf-with-dsym";
				ENABLE_NS_ASSERTIONS = NO;
				ENABLE_STRICT_OBJC_MSGSEND = YES;
				GCC_C_LANGUAGE_STANDARD = gnu11;
				GCC_NO_COMMON_BLOCKS = YES;
				GCC_WARN_64_TO_32_BIT_CONVERSION = YES;
				GCC_WARN_ABOUT_RETURN_TYPE = YES_ERROR;
				GCC_WARN_UNDECLARED_SELECTOR = YES;
				GCC_WARN_UNINITIALIZED_AUTOS = YES_AGGRESSIVE;
				GCC_WARN_UNUSED_FUNCTION = YES;
				GCC_WARN_UNUSED_VARIABLE = YES;
				IPHONEOS_DEPLOYMENT_TARGET = 16.2;
				MTL_ENABLE_DEBUG_INFO = NO;
				MTL_FAST_MATH = YES;
				SDKROOT = iphoneos;
				SWIFT_COMPILATION_MODE = wholemodule;
				SWIFT_OPTIMIZATION_LEVEL = "-O";
				VALIDATE_PRODUCT = YES;
			};
			name = Release;
		};
		091CF4A729B36747004CACBD /* Debug */ = {
			isa = XCBuildConfiguration;
			buildSettings = {
				ASSETCATALOG_COMPILER_APPICON_NAME = AppIcon;
				ASSETCATALOG_COMPILER_GLOBAL_ACCENT_COLOR_NAME = AccentColor;
				CODE_SIGN_STYLE = Automatic;
				CURRENT_PROJECT_VERSION = 1;
				DEVELOPMENT_ASSET_PATHS = "\"TODO/Preview Content\"";
				ENABLE_PREVIEWS = YES;
				GENERATE_INFOPLIST_FILE = YES;
				INFOPLIST_KEY_UIApplicationSceneManifest_Generation = YES;
				INFOPLIST_KEY_UIApplicationSupportsIndirectInputEvents = YES;
				INFOPLIST_KEY_UILaunchScreen_Generation = YES;
				INFOPLIST_KEY_UISupportedInterfaceOrientations_iPad = "UIInterfaceOrientationPortrait UIInterfaceOrientationPortraitUpsideDown UIInterfaceOrientationLandscapeLeft UIInterfaceOrientationLandscapeRight";
				INFOPLIST_KEY_UISupportedInterfaceOrientations_iPhone = "UIInterfaceOrientationPortrait UIInterfaceOrientationLandscapeLeft UIInterfaceOrientationLandscapeRight";
				LD_RUNPATH_SEARCH_PATHS = (
					"$(inherited)",
					"@executable_path/Frameworks",
				);
				MARKETING_VERSION = 1.0;
				PRODUCT_BUNDLE_IDENTIFIER = com.alwaysrules.TODO;
				PRODUCT_NAME = "$(TARGET_NAME)";
				SWIFT_EMIT_LOC_STRINGS = YES;
				SWIFT_VERSION = 5.0;
				TARGETED_DEVICE_FAMILY = "1,2";
			};
			name = Debug;
		};
		091CF4A829B36747004CACBD /* Release */ = {
			isa = XCBuildConfiguration;
			buildSettings = {
				ASSETCATALOG_COMPILER_APPICON_NAME = AppIcon;
				ASSETCATALOG_COMPILER_GLOBAL_ACCENT_COLOR_NAME = AccentColor;
				CODE_SIGN_STYLE = Automatic;
				CURRENT_PROJECT_VERSION = 1;
				DEVELOPMENT_ASSET_PATHS = "\"TODO/Preview Content\"";
				ENABLE_PREVIEWS = YES;
				GENERATE_INFOPLIST_FILE = YES;
				INFOPLIST_KEY_UIApplicationSceneManifest_Generation = YES;
				INFOPLIST_KEY_UIApplicationSupportsIndirectInputEvents = YES;
				INFOPLIST_KEY_UILaunchScreen_Generation = YES;
				INFOPLIST_KEY_UISupportedInterfaceOrientations_iPad = "UIInterfaceOrientationPortrait UIInterfaceOrientationPortraitUpsideDown UIInterfaceOrientationLandscapeLeft UIInterfaceOrientationLandscapeRight";
				INFOPLIST_KEY_UISupportedInterfaceOrientations_iPhone = "UIInterfaceOrientationPortrait UIInterfaceOrientationLandscapeLeft UIInterfaceOrientationLandscapeRight";
				LD_RUNPATH_SEARCH_PATHS = (
					"$(inherited)",
					"@executable_path/Frameworks",
				);
				MARKETING_VERSION = 1.0;
				PRODUCT_BUNDLE_IDENTIFIER = com.alwaysrules.TODO;
				PRODUCT_NAME = "$(TARGET_NAME)";
				SWIFT_EMIT_LOC_STRINGS = YES;
				SWIFT_VERSION = 5.0;
				TARGETED_DEVICE_FAMILY = "1,2";
			};
			name = Release;
		};
		091CF4AA29B36747004CACBD /* Debug */ = {
			isa = XCBuildConfiguration;
			buildSettings = {
				ALWAYS_EMBED_SWIFT_STANDARD_LIBRARIES = YES;
				BUNDLE_LOADER = "$(TEST_HOST)";
				CODE_SIGN_STYLE = Automatic;
				CURRENT_PROJECT_VERSION = 1;
				GENERATE_INFOPLIST_FILE = YES;
				IPHONEOS_DEPLOYMENT_TARGET = 16.2;
				MARKETING_VERSION = 1.0;
				PRODUCT_BUNDLE_IDENTIFIER = com.alwaysrules.TODOTests;
				PRODUCT_NAME = "$(TARGET_NAME)";
				SWIFT_EMIT_LOC_STRINGS = NO;
				SWIFT_VERSION = 5.0;
				TARGETED_DEVICE_FAMILY = "1,2";
				TEST_HOST = "$(BUILT_PRODUCTS_DIR)/TODO.app/$(BUNDLE_EXECUTABLE_FOLDER_PATH)/TODO";
			};
			name = Debug;
		};
		091CF4AB29B36747004CACBD /* Release */ = {
			isa = XCBuildConfiguration;
			buildSettings = {
				ALWAYS_EMBED_SWIFT_STANDARD_LIBRARIES = YES;
				BUNDLE_LOADER = "$(TEST_HOST)";
				CODE_SIGN_STYLE = Automatic;
				CURRENT_PROJECT_VERSION = 1;
				GENERATE_INFOPLIST_FILE = YES;
				IPHONEOS_DEPLOYMENT_TARGET = 16.2;
				MARKETING_VERSION = 1.0;
				PRODUCT_BUNDLE_IDENTIFIER = com.alwaysrules.TODOTests;
				PRODUCT_NAME = "$(TARGET_NAME)";
				SWIFT_EMIT_LOC_STRINGS = NO;
				SWIFT_VERSION = 5.0;
				TARGETED_DEVICE_FAMILY = "1,2";
				TEST_HOST = "$(BUILT_PRODUCTS_DIR)/TODO.app/$(BUNDLE_EXECUTABLE_FOLDER_PATH)/TODO";
			};
			name = Release;
		};
		091CF4AD29B36747004CACBD /* Debug */ = {
			isa = XCBuildConfiguration;
			buildSettings = {
				ALWAYS_EMBED_SWIFT_STANDARD_LIBRARIES = YES;
				CODE_SIGN_STYLE = Automatic;
				CURRENT_PROJECT_VERSION = 1;
				GENERATE_INFOPLIST_FILE = YES;
				MARKETING_VERSION = 1.0;
				PRODUCT_BUNDLE_IDENTIFIER = com.alwaysrules.TODOUITests;
				PRODUCT_NAME = "$(TARGET_NAME)";
				SWIFT_EMIT_LOC_STRINGS = NO;
				SWIFT_VERSION = 5.0;
				TARGETED_DEVICE_FAMILY = "1,2";
				TEST_TARGET_NAME = TODO;
			};
			name = Debug;
		};
		091CF4AE29B36747004CACBD /* Release */ = {
			isa = XCBuildConfiguration;
			buildSettings = {
				ALWAYS_EMBED_SWIFT_STANDARD_LIBRARIES = YES;
				CODE_SIGN_STYLE = Automatic;
				CURRENT_PROJECT_VERSION = 1;
				GENERATE_INFOPLIST_FILE = YES;
				MARKETING_VERSION = 1.0;
				PRODUCT_BUNDLE_IDENTIFIER = com.alwaysrules.TODOUITests;
				PRODUCT_NAME = "$(TARGET_NAME)";
				SWIFT_EMIT_LOC_STRINGS = NO;
				SWIFT_VERSION = 5.0;
				TARGETED_DEVICE_FAMILY = "1,2";
				TEST_TARGET_NAME = TODO;
			};
			name = Release;
		};
/* End XCBuildConfiguration section */

/* Begin XCConfigurationList section */
		091CF47D29B36745004CACBD /* Build configuration list for PBXProject "TODO" */ = {
			isa = XCConfigurationList;
			buildConfigurations = (
				091CF4A429B36747004CACBD /* Debug */,
				091CF4A529B36747004CACBD /* Release */,
			);
			defaultConfigurationIsVisible = 0;
			defaultConfigurationName = Release;
		};
		091CF4A629B36747004CACBD /* Build configuration list for PBXNativeTarget "TODO" */ = {
			isa = XCConfigurationList;
			buildConfigurations = (
				091CF4A729B36747004CACBD /* Debug */,
				091CF4A829B36747004CACBD /* Release */,
			);
			defaultConfigurationIsVisible = 0;
			defaultConfigurationName = Release;
		};
		091CF4A929B36747004CACBD /* Build configuration list for PBXNativeTarget "TODOTests" */ = {
			isa = XCConfigurationList;
			buildConfigurations = (
				091CF4AA29B36747004CACBD /* Debug */,
				091CF4AB29B36747004CACBD /* Release */,
			);
			defaultConfigurationIsVisible = 0;
			defaultConfigurationName = Release;
		};
		091CF4AC29B36747004CACBD /* Build configuration list for PBXNativeTarget "TODOUITests" */ = {
			isa = XCConfigurationList;
			buildConfigurations = (
				091CF4AD29B36747004CACBD /* Debug */,
				091CF4AE29B36747004CACBD /* Release */,
			);
			defaultConfigurationIsVisible = 0;
			defaultConfigurationName = Release;
		};
/* End XCConfigurationList section */
	};
	rootObject = 091CF47A29B36745004CACBD /* Project object */;
}
